// !$*UTF8*$!
{
	archiveVersion = 1;
	classes = {
	};
	objectVersion = 51;
	objects = {

/* Begin PBXBuildFile section */
		168486E52CD55DA53B3D34B8 /* Pods_HelloWorld.framework in Frameworks */ = {isa = PBXBuildFile; fileRef = 6AB378442218A124FA5B8563 /* Pods_HelloWorld.framework */; };
		5C5C6B642553DC5F0038B60B /* MessageLine.swift in Sources */ = {isa = PBXBuildFile; fileRef = 5C5C6B632553DC5F0038B60B /* MessageLine.swift */; };
		5C5C6B672553EAD50038B60B /* UserProfileViewModel.swift in Sources */ = {isa = PBXBuildFile; fileRef = 5C5C6B662553EAD50038B60B /* UserProfileViewModel.swift */; };
		5C5EFAA4255B7B5D006ED85D /* DateManager.swift in Sources */ = {isa = PBXBuildFile; fileRef = 5C5EFAA3255B7B5C006ED85D /* DateManager.swift */; };
		5C63614525534A0C00E374B8 /* HelloWorldApp.swift in Sources */ = {isa = PBXBuildFile; fileRef = 5C63614425534A0C00E374B8 /* HelloWorldApp.swift */; };
		5C63614725534A0C00E374B8 /* Home.swift in Sources */ = {isa = PBXBuildFile; fileRef = 5C63614625534A0C00E374B8 /* Home.swift */; };
		5C63614925534A1100E374B8 /* Assets.xcassets in Resources */ = {isa = PBXBuildFile; fileRef = 5C63614825534A1100E374B8 /* Assets.xcassets */; };
		5C63614C25534A1200E374B8 /* Preview Assets.xcassets in Resources */ = {isa = PBXBuildFile; fileRef = 5C63614B25534A1200E374B8 /* Preview Assets.xcassets */; };
		5C63615525534BD300E374B8 /* GoogleService-Info.plist in Resources */ = {isa = PBXBuildFile; fileRef = 5C63615425534BD300E374B8 /* GoogleService-Info.plist */; };
		5C63616A25534EF100E374B8 /* SessionStore.swift in Sources */ = {isa = PBXBuildFile; fileRef = 5C63616925534EF100E374B8 /* SessionStore.swift */; };
		5C6361A325535C7500E374B8 /* ChatList.swift in Sources */ = {isa = PBXBuildFile; fileRef = 5C6361A225535C7500E374B8 /* ChatList.swift */; };
		5C6361A725535C8300E374B8 /* Login.swift in Sources */ = {isa = PBXBuildFile; fileRef = 5C6361A625535C8300E374B8 /* Login.swift */; };
		5C6361AC25537B2700E374B8 /* ChatroomsViewModel.swift in Sources */ = {isa = PBXBuildFile; fileRef = 5C6361AB25537B2700E374B8 /* ChatroomsViewModel.swift */; };
		5C6361AF25538B8400E374B8 /* Join.swift in Sources */ = {isa = PBXBuildFile; fileRef = 5C6361AE25538B8400E374B8 /* Join.swift */; };
		5C6361B2255392DB00E374B8 /* MessagesViewModel.swift in Sources */ = {isa = PBXBuildFile; fileRef = 5C6361B1255392DB00E374B8 /* MessagesViewModel.swift */; };
		5C6361B52553960900E374B8 /* Messages.swift in Sources */ = {isa = PBXBuildFile; fileRef = 5C6361B42553960900E374B8 /* Messages.swift */; };
		5C728B102554D8A40020B70D /* Register.swift in Sources */ = {isa = PBXBuildFile; fileRef = 5C728B0F2554D8A40020B70D /* Register.swift */; };
		5C72DA732556577700108E41 /* LoadingAnimation.swift in Sources */ = {isa = PBXBuildFile; fileRef = 5C72DA722556577700108E41 /* LoadingAnimation.swift */; };
		5C72DA762556672E00108E41 /* ImagePicker.swift in Sources */ = {isa = PBXBuildFile; fileRef = 5C72DA752556672D00108E41 /* ImagePicker.swift */; };
		5CB7EB8C255BDC530034B570 /* UserMessageColor.swift in Sources */ = {isa = PBXBuildFile; fileRef = 5CB7EB8B255BDC530034B570 /* UserMessageColor.swift */; };
/* End PBXBuildFile section */

/* Begin PBXFileReference section */
		5C5C6B632553DC5F0038B60B /* MessageLine.swift */ = {isa = PBXFileReference; lastKnownFileType = sourcecode.swift; path = MessageLine.swift; sourceTree = "<group>"; };
		5C5C6B662553EAD50038B60B /* UserProfileViewModel.swift */ = {isa = PBXFileReference; lastKnownFileType = sourcecode.swift; path = UserProfileViewModel.swift; sourceTree = "<group>"; };
		5C5EFAA3255B7B5C006ED85D /* DateManager.swift */ = {isa = PBXFileReference; lastKnownFileType = sourcecode.swift; path = DateManager.swift; sourceTree = "<group>"; };
		5C63614125534A0C00E374B8 /* HelloWorld.app */ = {isa = PBXFileReference; explicitFileType = wrapper.application; includeInIndex = 0; path = HelloWorld.app; sourceTree = BUILT_PRODUCTS_DIR; };
		5C63614425534A0C00E374B8 /* HelloWorldApp.swift */ = {isa = PBXFileReference; lastKnownFileType = sourcecode.swift; path = HelloWorldApp.swift; sourceTree = "<group>"; };
		5C63614625534A0C00E374B8 /* Home.swift */ = {isa = PBXFileReference; lastKnownFileType = sourcecode.swift; path = Home.swift; sourceTree = "<group>"; };
		5C63614825534A1100E374B8 /* Assets.xcassets */ = {isa = PBXFileReference; lastKnownFileType = folder.assetcatalog; path = Assets.xcassets; sourceTree = "<group>"; };
		5C63614B25534A1200E374B8 /* Preview Assets.xcassets */ = {isa = PBXFileReference; lastKnownFileType = folder.assetcatalog; path = "Preview Assets.xcassets"; sourceTree = "<group>"; };
		5C63614D25534A1200E374B8 /* Info.plist */ = {isa = PBXFileReference; lastKnownFileType = text.plist.xml; path = Info.plist; sourceTree = "<group>"; };
		5C63615425534BD300E374B8 /* GoogleService-Info.plist */ = {isa = PBXFileReference; fileEncoding = 4; lastKnownFileType = text.plist.xml; path = "GoogleService-Info.plist"; sourceTree = "<group>"; };
		5C63616925534EF100E374B8 /* SessionStore.swift */ = {isa = PBXFileReference; lastKnownFileType = sourcecode.swift; path = SessionStore.swift; sourceTree = "<group>"; };
		5C6361A225535C7500E374B8 /* ChatList.swift */ = {isa = PBXFileReference; lastKnownFileType = sourcecode.swift; path = ChatList.swift; sourceTree = "<group>"; };
		5C6361A625535C8300E374B8 /* Login.swift */ = {isa = PBXFileReference; lastKnownFileType = sourcecode.swift; path = Login.swift; sourceTree = "<group>"; };
		5C6361AB25537B2700E374B8 /* ChatroomsViewModel.swift */ = {isa = PBXFileReference; lastKnownFileType = sourcecode.swift; path = ChatroomsViewModel.swift; sourceTree = "<group>"; };
		5C6361AE25538B8400E374B8 /* Join.swift */ = {isa = PBXFileReference; lastKnownFileType = sourcecode.swift; path = Join.swift; sourceTree = "<group>"; };
		5C6361B1255392DB00E374B8 /* MessagesViewModel.swift */ = {isa = PBXFileReference; lastKnownFileType = sourcecode.swift; path = MessagesViewModel.swift; sourceTree = "<group>"; };
		5C6361B42553960900E374B8 /* Messages.swift */ = {isa = PBXFileReference; lastKnownFileType = sourcecode.swift; path = Messages.swift; sourceTree = "<group>"; };
		5C728B0F2554D8A40020B70D /* Register.swift */ = {isa = PBXFileReference; lastKnownFileType = sourcecode.swift; path = Register.swift; sourceTree = "<group>"; };
		5C72DA722556577700108E41 /* LoadingAnimation.swift */ = {isa = PBXFileReference; lastKnownFileType = sourcecode.swift; path = LoadingAnimation.swift; sourceTree = "<group>"; };
		5C72DA752556672D00108E41 /* ImagePicker.swift */ = {isa = PBXFileReference; lastKnownFileType = sourcecode.swift; path = ImagePicker.swift; sourceTree = "<group>"; };
		5CB7EB8B255BDC530034B570 /* UserMessageColor.swift */ = {isa = PBXFileReference; lastKnownFileType = sourcecode.swift; path = UserMessageColor.swift; sourceTree = "<group>"; };
		6AB378442218A124FA5B8563 /* Pods_HelloWorld.framework */ = {isa = PBXFileReference; explicitFileType = wrapper.framework; includeInIndex = 0; path = Pods_HelloWorld.framework; sourceTree = BUILT_PRODUCTS_DIR; };
		A0A85178BF4B23F9E2D92DAB /* Pods-HelloWorld.debug.xcconfig */ = {isa = PBXFileReference; includeInIndex = 1; lastKnownFileType = text.xcconfig; name = "Pods-HelloWorld.debug.xcconfig"; path = "Target Support Files/Pods-HelloWorld/Pods-HelloWorld.debug.xcconfig"; sourceTree = "<group>"; };
		EF598B5F7548DAC41BE23EA0 /* Pods-HelloWorld.release.xcconfig */ = {isa = PBXFileReference; includeInIndex = 1; lastKnownFileType = text.xcconfig; name = "Pods-HelloWorld.release.xcconfig"; path = "Target Support Files/Pods-HelloWorld/Pods-HelloWorld.release.xcconfig"; sourceTree = "<group>"; };
/* End PBXFileReference section */

/* Begin PBXFrameworksBuildPhase section */
		5C63613E25534A0C00E374B8 /* Frameworks */ = {
			isa = PBXFrameworksBuildPhase;
			buildActionMask = 2147483647;
			files = (
				168486E52CD55DA53B3D34B8 /* Pods_HelloWorld.framework in Frameworks */,
			);
			runOnlyForDeploymentPostprocessing = 0;
		};
/* End PBXFrameworksBuildPhase section */

/* Begin PBXGroup section */
		5C63613825534A0C00E374B8 = {
			isa = PBXGroup;
			children = (
				5C63614325534A0C00E374B8 /* HelloWorld */,
				5C63614225534A0C00E374B8 /* Products */,
				CA2510D058820CF0D7EF3BE8 /* Pods */,
				B58AEA4D995FB11CA8989903 /* Frameworks */,
			);
			sourceTree = "<group>";
		};
		5C63614225534A0C00E374B8 /* Products */ = {
			isa = PBXGroup;
			children = (
				5C63614125534A0C00E374B8 /* HelloWorld.app */,
			);
			name = Products;
			sourceTree = "<group>";
		};
		5C63614325534A0C00E374B8 /* HelloWorld */ = {
			isa = PBXGroup;
			children = (
				5C63614425534A0C00E374B8 /* HelloWorldApp.swift */,
				5C6361A125535C6300E374B8 /* Views */,
				5C6361A925537AF200E374B8 /* Utilities */,
				5C63614825534A1100E374B8 /* Assets.xcassets */,
				5C63614D25534A1200E374B8 /* Info.plist */,
				5C63615425534BD300E374B8 /* GoogleService-Info.plist */,
				5C63614A25534A1200E374B8 /* Preview Content */,
			);
			path = HelloWorld;
			sourceTree = "<group>";
		};
		5C63614A25534A1200E374B8 /* Preview Content */ = {
			isa = PBXGroup;
			children = (
				5C63614B25534A1200E374B8 /* Preview Assets.xcassets */,
			);
			path = "Preview Content";
			sourceTree = "<group>";
		};
		5C6361A125535C6300E374B8 /* Views */ = {
			isa = PBXGroup;
			children = (
				5C63614625534A0C00E374B8 /* Home.swift */,
				5C6361A625535C8300E374B8 /* Login.swift */,
				5C728B0F2554D8A40020B70D /* Register.swift */,
				5C6361A225535C7500E374B8 /* ChatList.swift */,
				5C6361AE25538B8400E374B8 /* Join.swift */,
				5C6361B42553960900E374B8 /* Messages.swift */,
				5C5C6B632553DC5F0038B60B /* MessageLine.swift */,
				5C72DA722556577700108E41 /* LoadingAnimation.swift */,
			);
			path = Views;
			sourceTree = "<group>";
		};
		5C6361A925537AF200E374B8 /* Utilities */ = {
			isa = PBXGroup;
			children = (
				5C63616925534EF100E374B8 /* SessionStore.swift */,
				5C6361AB25537B2700E374B8 /* ChatroomsViewModel.swift */,
				5C6361B1255392DB00E374B8 /* MessagesViewModel.swift */,
				5C5C6B662553EAD50038B60B /* UserProfileViewModel.swift */,
				5C72DA752556672D00108E41 /* ImagePicker.swift */,
				5C5EFAA3255B7B5C006ED85D /* DateManager.swift */,
				5CB7EB8B255BDC530034B570 /* UserMessageColor.swift */,
			);
			path = Utilities;
			sourceTree = "<group>";
		};
		B58AEA4D995FB11CA8989903 /* Frameworks */ = {
			isa = PBXGroup;
			children = (
				6AB378442218A124FA5B8563 /* Pods_HelloWorld.framework */,
			);
			name = Frameworks;
			sourceTree = "<group>";
		};
		CA2510D058820CF0D7EF3BE8 /* Pods */ = {
			isa = PBXGroup;
			children = (
				A0A85178BF4B23F9E2D92DAB /* Pods-HelloWorld.debug.xcconfig */,
				EF598B5F7548DAC41BE23EA0 /* Pods-HelloWorld.release.xcconfig */,
			);
			path = Pods;
			sourceTree = "<group>";
		};
/* End PBXGroup section */

/* Begin PBXNativeTarget section */
		5C63614025534A0C00E374B8 /* HelloWorld */ = {
			isa = PBXNativeTarget;
			buildConfigurationList = 5C63615025534A1200E374B8 /* Build configuration list for PBXNativeTarget "HelloWorld" */;
			buildPhases = (
				BA6E2284AE967789A50E4090 /* [CP] Check Pods Manifest.lock */,
				5C63613D25534A0C00E374B8 /* Sources */,
				5C63613E25534A0C00E374B8 /* Frameworks */,
				5C63613F25534A0C00E374B8 /* Resources */,
				99973B72F5EBE224EC66F2DA /* [CP] Embed Pods Frameworks */,
			);
			buildRules = (
			);
			dependencies = (
			);
			name = HelloWorld;
			productName = HelloWorld;
			productReference = 5C63614125534A0C00E374B8 /* HelloWorld.app */;
			productType = "com.apple.product-type.application";
		};
/* End PBXNativeTarget section */

/* Begin PBXProject section */
		5C63613925534A0C00E374B8 /* Project object */ = {
			isa = PBXProject;
			attributes = {
				LastSwiftUpdateCheck = 1210;
				LastUpgradeCheck = 1210;
				TargetAttributes = {
					5C63614025534A0C00E374B8 = {
						CreatedOnToolsVersion = 12.1;
					};
				};
			};
			buildConfigurationList = 5C63613C25534A0C00E374B8 /* Build configuration list for PBXProject "HelloWorld" */;
			compatibilityVersion = "Xcode 9.3";
			developmentRegion = en;
			hasScannedForEncodings = 0;
			knownRegions = (
				en,
				Base,
			);
			mainGroup = 5C63613825534A0C00E374B8;
			productRefGroup = 5C63614225534A0C00E374B8 /* Products */;
			projectDirPath = "";
			projectRoot = "";
			targets = (
				5C63614025534A0C00E374B8 /* HelloWorld */,
			);
		};
/* End PBXProject section */

/* Begin PBXResourcesBuildPhase section */
		5C63613F25534A0C00E374B8 /* Resources */ = {
			isa = PBXResourcesBuildPhase;
			buildActionMask = 2147483647;
			files = (
				5C63614C25534A1200E374B8 /* Preview Assets.xcassets in Resources */,
				5C63614925534A1100E374B8 /* Assets.xcassets in Resources */,
				5C63615525534BD300E374B8 /* GoogleService-Info.plist in Resources */,
			);
			runOnlyForDeploymentPostprocessing = 0;
		};
/* End PBXResourcesBuildPhase section */

/* Begin PBXShellScriptBuildPhase section */
		99973B72F5EBE224EC66F2DA /* [CP] Embed Pods Frameworks */ = {
			isa = PBXShellScriptBuildPhase;
			buildActionMask = 2147483647;
			files = (
			);
			inputFileListPaths = (
				"${PODS_ROOT}/Target Support Files/Pods-HelloWorld/Pods-HelloWorld-frameworks-${CONFIGURATION}-input-files.xcfilelist",
			);
			name = "[CP] Embed Pods Frameworks";
			outputFileListPaths = (
				"${PODS_ROOT}/Target Support Files/Pods-HelloWorld/Pods-HelloWorld-frameworks-${CONFIGURATION}-output-files.xcfilelist",
			);
			runOnlyForDeploymentPostprocessing = 0;
			shellPath = /bin/sh;
			shellScript = "\"${PODS_ROOT}/Target Support Files/Pods-HelloWorld/Pods-HelloWorld-frameworks.sh\"\n";
			showEnvVarsInLog = 0;
		};
		BA6E2284AE967789A50E4090 /* [CP] Check Pods Manifest.lock */ = {
			isa = PBXShellScriptBuildPhase;
			buildActionMask = 2147483647;
			files = (
			);
			inputFileListPaths = (
			);
			inputPaths = (
				"${PODS_PODFILE_DIR_PATH}/Podfile.lock",
				"${PODS_ROOT}/Manifest.lock",
			);
			name = "[CP] Check Pods Manifest.lock";
			outputFileListPaths = (
			);
			outputPaths = (
				"$(DERIVED_FILE_DIR)/Pods-HelloWorld-checkManifestLockResult.txt",
			);
			runOnlyForDeploymentPostprocessing = 0;
			shellPath = /bin/sh;
			shellScript = "diff \"${PODS_PODFILE_DIR_PATH}/Podfile.lock\" \"${PODS_ROOT}/Manifest.lock\" > /dev/null\nif [ $? != 0 ] ; then\n    # print error to STDERR\n    echo \"error: The sandbox is not in sync with the Podfile.lock. Run 'pod install' or update your CocoaPods installation.\" >&2\n    exit 1\nfi\n# This output is used by Xcode 'outputs' to avoid re-running this script phase.\necho \"SUCCESS\" > \"${SCRIPT_OUTPUT_FILE_0}\"\n";
			showEnvVarsInLog = 0;
		};
/* End PBXShellScriptBuildPhase section */

/* Begin PBXSourcesBuildPhase section */
		5C63613D25534A0C00E374B8 /* Sources */ = {
			isa = PBXSourcesBuildPhase;
			buildActionMask = 2147483647;
			files = (
				5C63614725534A0C00E374B8 /* Home.swift in Sources */,
				5C5EFAA4255B7B5D006ED85D /* DateManager.swift in Sources */,
				5C5C6B642553DC5F0038B60B /* MessageLine.swift in Sources */,
				5C6361B52553960900E374B8 /* Messages.swift in Sources */,
				5CB7EB8C255BDC530034B570 /* UserMessageColor.swift in Sources */,
				5C72DA762556672E00108E41 /* ImagePicker.swift in Sources */,
				5C6361A725535C8300E374B8 /* Login.swift in Sources */,
				5C6361AF25538B8400E374B8 /* Join.swift in Sources */,
				5C5C6B672553EAD50038B60B /* UserProfileViewModel.swift in Sources */,
				5C728B102554D8A40020B70D /* Register.swift in Sources */,
				5C6361A325535C7500E374B8 /* ChatList.swift in Sources */,
				5C63614525534A0C00E374B8 /* HelloWorldApp.swift in Sources */,
				5C63616A25534EF100E374B8 /* SessionStore.swift in Sources */,
				5C6361B2255392DB00E374B8 /* MessagesViewModel.swift in Sources */,
				5C72DA732556577700108E41 /* LoadingAnimation.swift in Sources */,
				5C6361AC25537B2700E374B8 /* ChatroomsViewModel.swift in Sources */,
			);
			runOnlyForDeploymentPostprocessing = 0;
		};
/* End PBXSourcesBuildPhase section */

/* Begin XCBuildConfiguration section */
		5C63614E25534A1200E374B8 /* Debug */ = {
			isa = XCBuildConfiguration;
			buildSettings = {
				ALWAYS_SEARCH_USER_PATHS = NO;
				CLANG_ANALYZER_NONNULL = YES;
				CLANG_ANALYZER_NUMBER_OBJECT_CONVERSION = YES_AGGRESSIVE;
				CLANG_CXX_LANGUAGE_STANDARD = "gnu++14";
				CLANG_CXX_LIBRARY = "libc++";
				CLANG_ENABLE_MODULES = YES;
				CLANG_ENABLE_OBJC_ARC = YES;
				CLANG_ENABLE_OBJC_WEAK = YES;
				CLANG_WARN_BLOCK_CAPTURE_AUTORELEASING = YES;
				CLANG_WARN_BOOL_CONVERSION = YES;
				CLANG_WARN_COMMA = YES;
				CLANG_WARN_CONSTANT_CONVERSION = YES;
				CLANG_WARN_DEPRECATED_OBJC_IMPLEMENTATIONS = YES;
				CLANG_WARN_DIRECT_OBJC_ISA_USAGE = YES_ERROR;
				CLANG_WARN_DOCUMENTATION_COMMENTS = YES;
				CLANG_WARN_EMPTY_BODY = YES;
				CLANG_WARN_ENUM_CONVERSION = YES;
				CLANG_WARN_INFINITE_RECURSION = YES;
				CLANG_WARN_INT_CONVERSION = YES;
				CLANG_WARN_NON_LITERAL_NULL_CONVERSION = YES;
				CLANG_WARN_OBJC_IMPLICIT_RETAIN_SELF = YES;
				CLANG_WARN_OBJC_LITERAL_CONVERSION = YES;
				CLANG_WARN_OBJC_ROOT_CLASS = YES_ERROR;
				CLANG_WARN_QUOTED_INCLUDE_IN_FRAMEWORK_HEADER = YES;
				CLANG_WARN_RANGE_LOOP_ANALYSIS = YES;
				CLANG_WARN_STRICT_PROTOTYPES = YES;
				CLANG_WARN_SUSPICIOUS_MOVE = YES;
				CLANG_WARN_UNGUARDED_AVAILABILITY = YES_AGGRESSIVE;
				CLANG_WARN_UNREACHABLE_CODE = YES;
				CLANG_WARN__DUPLICATE_METHOD_MATCH = YES;
				COPY_PHASE_STRIP = NO;
				DEBUG_INFORMATION_FORMAT = dwarf;
				ENABLE_STRICT_OBJC_MSGSEND = YES;
				ENABLE_TESTABILITY = YES;
				GCC_C_LANGUAGE_STANDARD = gnu11;
				GCC_DYNAMIC_NO_PIC = NO;
				GCC_NO_COMMON_BLOCKS = YES;
				GCC_OPTIMIZATION_LEVEL = 0;
				GCC_PREPROCESSOR_DEFINITIONS = (
					"DEBUG=1",
					"$(inherited)",
				);
				GCC_WARN_64_TO_32_BIT_CONVERSION = YES;
				GCC_WARN_ABOUT_RETURN_TYPE = YES_ERROR;
				GCC_WARN_UNDECLARED_SELECTOR = YES;
				GCC_WARN_UNINITIALIZED_AUTOS = YES_AGGRESSIVE;
				GCC_WARN_UNUSED_FUNCTION = YES;
				GCC_WARN_UNUSED_VARIABLE = YES;
				IPHONEOS_DEPLOYMENT_TARGET = 14.1;
				MTL_ENABLE_DEBUG_INFO = INCLUDE_SOURCE;
				MTL_FAST_MATH = YES;
				ONLY_ACTIVE_ARCH = YES;
				SDKROOT = iphoneos;
				SWIFT_ACTIVE_COMPILATION_CONDITIONS = DEBUG;
				SWIFT_OPTIMIZATION_LEVEL = "-Onone";
			};
			name = Debug;
		};
		5C63614F25534A1200E374B8 /* Release */ = {
			isa = XCBuildConfiguration;
			buildSettings = {
				ALWAYS_SEARCH_USER_PATHS = NO;
				CLANG_ANALYZER_NONNULL = YES;
				CLANG_ANALYZER_NUMBER_OBJECT_CONVERSION = YES_AGGRESSIVE;
				CLANG_CXX_LANGUAGE_STANDARD = "gnu++14";
				CLANG_CXX_LIBRARY = "libc++";
				CLANG_ENABLE_MODULES = YES;
				CLANG_ENABLE_OBJC_ARC = YES;
				CLANG_ENABLE_OBJC_WEAK = YES;
				CLANG_WARN_BLOCK_CAPTURE_AUTORELEASING = YES;
				CLANG_WARN_BOOL_CONVERSION = YES;
				CLANG_WARN_COMMA = YES;
				CLANG_WARN_CONSTANT_CONVERSION = YES;
				CLANG_WARN_DEPRECATED_OBJC_IMPLEMENTATIONS = YES;
				CLANG_WARN_DIRECT_OBJC_ISA_USAGE = YES_ERROR;
				CLANG_WARN_DOCUMENTATION_COMMENTS = YES;
				CLANG_WARN_EMPTY_BODY = YES;
				CLANG_WARN_ENUM_CONVERSION = YES;
				CLANG_WARN_INFINITE_RECURSION = YES;
				CLANG_WARN_INT_CONVERSION = YES;
				CLANG_WARN_NON_LITERAL_NULL_CONVERSION = YES;
				CLANG_WARN_OBJC_IMPLICIT_RETAIN_SELF = YES;
				CLANG_WARN_OBJC_LITERAL_CONVERSION = YES;
				CLANG_WARN_OBJC_ROOT_CLASS = YES_ERROR;
				CLANG_WARN_QUOTED_INCLUDE_IN_FRAMEWORK_HEADER = YES;
				CLANG_WARN_RANGE_LOOP_ANALYSIS = YES;
				CLANG_WARN_STRICT_PROTOTYPES = YES;
				CLANG_WARN_SUSPICIOUS_MOVE = YES;
				CLANG_WARN_UNGUARDED_AVAILABILITY = YES_AGGRESSIVE;
				CLANG_WARN_UNREACHABLE_CODE = YES;
				CLANG_WARN__DUPLICATE_METHOD_MATCH = YES;
				COPY_PHASE_STRIP = NO;
				DEBUG_INFORMATION_FORMAT = "dwarf-with-dsym";
				ENABLE_NS_ASSERTIONS = NO;
				ENABLE_STRICT_OBJC_MSGSEND = YES;
				GCC_C_LANGUAGE_STANDARD = gnu11;
				GCC_NO_COMMON_BLOCKS = YES;
				GCC_WARN_64_TO_32_BIT_CONVERSION = YES;
				GCC_WARN_ABOUT_RETURN_TYPE = YES_ERROR;
				GCC_WARN_UNDECLARED_SELECTOR = YES;
				GCC_WARN_UNINITIALIZED_AUTOS = YES_AGGRESSIVE;
				GCC_WARN_UNUSED_FUNCTION = YES;
				GCC_WARN_UNUSED_VARIABLE = YES;
				IPHONEOS_DEPLOYMENT_TARGET = 14.1;
				MTL_ENABLE_DEBUG_INFO = NO;
				MTL_FAST_MATH = YES;
				SDKROOT = iphoneos;
				SWIFT_COMPILATION_MODE = wholemodule;
				SWIFT_OPTIMIZATION_LEVEL = "-O";
				VALIDATE_PRODUCT = YES;
			};
			name = Release;
		};
		5C63615125534A1200E374B8 /* Debug */ = {
			isa = XCBuildConfiguration;
			baseConfigurationReference = A0A85178BF4B23F9E2D92DAB /* Pods-HelloWorld.debug.xcconfig */;
			buildSettings = {
				ASSETCATALOG_COMPILER_APPICON_NAME = AppIcon;
				ASSETCATALOG_COMPILER_GLOBAL_ACCENT_COLOR_NAME = AccentColor;
				CODE_SIGN_STYLE = Automatic;
				DEVELOPMENT_ASSET_PATHS = "\"HelloWorld/Preview Content\"";
				DEVELOPMENT_TEAM = 4WA5C8537R;
				ENABLE_PREVIEWS = YES;
				INFOPLIST_FILE = HelloWorld/Info.plist;
				IPHONEOS_DEPLOYMENT_TARGET = 14.0;
				LD_RUNPATH_SEARCH_PATHS = (
					"$(inherited)",
					"@executable_path/Frameworks",
				);
				PRODUCT_BUNDLE_IDENTIFIER = com.larrynguyen.HelloWorld;
				PRODUCT_NAME = "$(TARGET_NAME)";
				SWIFT_VERSION = 5.0;
				TARGETED_DEVICE_FAMILY = "1,2";
			};
			name = Debug;
		};
		5C63615225534A1200E374B8 /* Release */ = {
			isa = XCBuildConfiguration;
			baseConfigurationReference = EF598B5F7548DAC41BE23EA0 /* Pods-HelloWorld.release.xcconfig */;
			buildSettings = {
				ASSETCATALOG_COMPILER_APPICON_NAME = AppIcon;
				ASSETCATALOG_COMPILER_GLOBAL_ACCENT_COLOR_NAME = AccentColor;
				CODE_SIGN_STYLE = Automatic;
				DEVELOPMENT_ASSET_PATHS = "\"HelloWorld/Preview Content\"";
				DEVELOPMENT_TEAM = 4WA5C8537R;
				ENABLE_PREVIEWS = YES;
				INFOPLIST_FILE = HelloWorld/Info.plist;
				IPHONEOS_DEPLOYMENT_TARGET = 14.0;
				LD_RUNPATH_SEARCH_PATHS = (
					"$(inherited)",
					"@executable_path/Frameworks",
				);
				PRODUCT_BUNDLE_IDENTIFIER = com.larrynguyen.HelloWorld;
				PRODUCT_NAME = "$(TARGET_NAME)";
				SWIFT_VERSION = 5.0;
				TARGETED_DEVICE_FAMILY = "1,2";
			};
			name = Release;
		};
/* End XCBuildConfiguration section */

/* Begin XCConfigurationList section */
		5C63613C25534A0C00E374B8 /* Build configuration list for PBXProject "HelloWorld" */ = {
			isa = XCConfigurationList;
			buildConfigurations = (
				5C63614E25534A1200E374B8 /* Debug */,
				5C63614F25534A1200E374B8 /* Release */,
			);
			defaultConfigurationIsVisible = 0;
			defaultConfigurationName = Release;
		};
		5C63615025534A1200E374B8 /* Build configuration list for PBXNativeTarget "HelloWorld" */ = {
			isa = XCConfigurationList;
			buildConfigurations = (
				5C63615125534A1200E374B8 /* Debug */,
				5C63615225534A1200E374B8 /* Release */,
			);
			defaultConfigurationIsVisible = 0;
			defaultConfigurationName = Release;
		};
/* End XCConfigurationList section */
	};
	rootObject = 5C63613925534A0C00E374B8 /* Project object */;
}
